
Microsoft Visual Studio Solution File, Format Version 12.00
# Visual Studio Version 17
VisualStudioVersion = 17.3.32929.385
MinimumVisualStudioVersion = 10.0.40219.1
Project("{9A19103F-16F7-4668-BE54-9A1E7A4F7556}") = "Challenge 5 .NET", "Challenge 5 .NET\Challenge 5 .NET.csproj", "{4C35BE27-63F0-4723-A311-58DAA25D312B}"
EndProject
Project("{FAE04EC0-301F-11D3-BF4B-00C04F79EFBC}") = "UsuarioVideoAPI", "UsuarioVideoAPI\UsuarioVideoAPI.csproj", "{2ECC7418-9DE4-4E9D-AC18-069DEE9CDBAD}"
EndProject
Global
	GlobalSection(SolutionConfigurationPlatforms) = preSolution
		Debug|Any CPU = Debug|Any CPU
		Release|Any CPU = Release|Any CPU
	EndGlobalSection
	GlobalSection(ProjectConfigurationPlatforms) = postSolution
		{4C35BE27-63F0-4723-A311-58DAA25D312B}.Debug|Any CPU.ActiveCfg = Debug|Any CPU
		{4C35BE27-63F0-4723-A311-58DAA25D312B}.Debug|Any CPU.Build.0 = Debug|Any CPU
		{4C35BE27-63F0-4723-A311-58DAA25D312B}.Release|Any CPU.ActiveCfg = Release|Any CPU
		{4C35BE27-63F0-4723-A311-58DAA25D312B}.Release|Any CPU.Build.0 = Release|Any CPU
		{2ECC7418-9DE4-4E9D-AC18-069DEE9CDBAD}.Debug|Any CPU.ActiveCfg = Debug|Any CPU
		{2ECC7418-9DE4-4E9D-AC18-069DEE9CDBAD}.Debug|Any CPU.Build.0 = Debug|Any CPU
		{2ECC7418-9DE4-4E9D-AC18-069DEE9CDBAD}.Release|Any CPU.ActiveCfg = Release|Any CPU
		{2ECC7418-9DE4-4E9D-AC18-069DEE9CDBAD}.Release|Any CPU.Build.0 = Release|Any CPU
	EndGlobalSection
	GlobalSection(SolutionProperties) = preSolution
		HideSolutionNode = FALSE
	EndGlobalSection
	GlobalSection(ExtensibilityGlobals) = postSolution
		SolutionGuid = {ECBE02AE-8FDA-4C50-B03F-9BB9BEE3F56A}
	EndGlobalSection
EndGlobal
